
Microsoft Visual Studio Solution File, Format Version 12.00
# Visual Studio Version 17
VisualStudioVersion = 17.8.34330.188
MinimumVisualStudioVersion = 10.0.40219.1
Project("{FAE04EC0-301F-11D3-BF4B-00C04F79EFBC}") = "DemoWebAPI", "DemoWebAPI\DemoWebAPI.csproj", "{BC628A11-09E4-4F30-9CDB-9520456C23C0}"
EndProject
Global
	GlobalSection(SolutionConfigurationPlatforms) = preSolution
		Debug|Any CPU = Debug|Any CPU
		Release|Any CPU = Release|Any CPU
	EndGlobalSection
	GlobalSection(ProjectConfigurationPlatforms) = postSolution
		{BC628A11-09E4-4F30-9CDB-9520456C23C0}.Debug|Any CPU.ActiveCfg = Debug|Any CPU
		{BC628A11-09E4-4F30-9CDB-9520456C23C0}.Debug|Any CPU.Build.0 = Debug|Any CPU
		{BC628A11-09E4-4F30-9CDB-9520456C23C0}.Release|Any CPU.ActiveCfg = Release|Any CPU
		{BC628A11-09E4-4F30-9CDB-9520456C23C0}.Release|Any CPU.Build.0 = Release|Any CPU
	EndGlobalSection
	GlobalSection(SolutionProperties) = preSolution
		HideSolutionNode = FALSE
	EndGlobalSection
	GlobalSection(ExtensibilityGlobals) = postSolution
		SolutionGuid = {3E602BB1-9AF5-4B3B-81CA-B9AB5697FBC1}
	EndGlobalSection
EndGlobal
